
Microsoft Visual Studio Solution File, Format Version 12.00
Project("{FAE04EC0-301F-11D3-BF4B-00C04F79EFBC}") = "level_3", "level_3.csproj", "{EAA969C4-AEE2-4D35-8863-E65F4537B13B}"
EndProject
Global
	GlobalSection(SolutionConfigurationPlatforms) = preSolution
		Debug|Any CPU = Debug|Any CPU
		Release|Any CPU = Release|Any CPU
	EndGlobalSection
	GlobalSection(ProjectConfigurationPlatforms) = postSolution
		{EAA969C4-AEE2-4D35-8863-E65F4537B13B}.Debug|Any CPU.ActiveCfg = Debug|Any CPU
		{EAA969C4-AEE2-4D35-8863-E65F4537B13B}.Debug|Any CPU.Build.0 = Debug|Any CPU
		{EAA969C4-AEE2-4D35-8863-E65F4537B13B}.Release|Any CPU.ActiveCfg = Release|Any CPU
		{EAA969C4-AEE2-4D35-8863-E65F4537B13B}.Release|Any CPU.Build.0 = Release|Any CPU
	EndGlobalSection
EndGlobal
