
Microsoft Visual Studio Solution File, Format Version 12.00
Project("{FAE04EC0-301F-11D3-BF4B-00C04F79EFBC}") = "level4challenge", "level4challenge.csproj", "{9EFAC882-7155-4AE4-8A85-709AE6B729EB}"
EndProject
Global
	GlobalSection(SolutionConfigurationPlatforms) = preSolution
		Debug|Any CPU = Debug|Any CPU
		Release|Any CPU = Release|Any CPU
	EndGlobalSection
	GlobalSection(ProjectConfigurationPlatforms) = postSolution
		{9EFAC882-7155-4AE4-8A85-709AE6B729EB}.Debug|Any CPU.ActiveCfg = Debug|Any CPU
		{9EFAC882-7155-4AE4-8A85-709AE6B729EB}.Debug|Any CPU.Build.0 = Debug|Any CPU
		{9EFAC882-7155-4AE4-8A85-709AE6B729EB}.Release|Any CPU.ActiveCfg = Release|Any CPU
		{9EFAC882-7155-4AE4-8A85-709AE6B729EB}.Release|Any CPU.Build.0 = Release|Any CPU
	EndGlobalSection
EndGlobal
